
Microsoft Visual Studio Solution File, Format Version 12.00
Project("{FAE04EC0-301F-11D3-BF4B-00C04F79EFBC}") = "csharp-solution", "csharp-solution.csproj", "{BA3B3748-2573-4C2D-93E5-48F82329C462}"
EndProject
Global
	GlobalSection(SolutionConfigurationPlatforms) = preSolution
		Debug|Any CPU = Debug|Any CPU
		Release|Any CPU = Release|Any CPU
	EndGlobalSection
	GlobalSection(ProjectConfigurationPlatforms) = postSolution
		{BA3B3748-2573-4C2D-93E5-48F82329C462}.Debug|Any CPU.ActiveCfg = Debug|Any CPU
		{BA3B3748-2573-4C2D-93E5-48F82329C462}.Debug|Any CPU.Build.0 = Debug|Any CPU
		{BA3B3748-2573-4C2D-93E5-48F82329C462}.Release|Any CPU.ActiveCfg = Release|Any CPU
		{BA3B3748-2573-4C2D-93E5-48F82329C462}.Release|Any CPU.Build.0 = Release|Any CPU
	EndGlobalSection
EndGlobal
